
Microsoft Visual Studio Solution File, Format Version 12.00
# Visual Studio Version 17
VisualStudioVersion = 17.5.002.0
MinimumVisualStudioVersion = 10.0.40219.1
Project("{9A19103F-16F7-4668-BE54-9A1E7A4F7556}") = "SalesWeb", "SalesWeb\SalesWeb.csproj", "{FB5A2342-EDBC-401F-A9E9-D05EDD52EEBF}"
EndProject
Global
	GlobalSection(SolutionConfigurationPlatforms) = preSolution
		Debug|Any CPU = Debug|Any CPU
		Release|Any CPU = Release|Any CPU
	EndGlobalSection
	GlobalSection(ProjectConfigurationPlatforms) = postSolution
		{FB5A2342-EDBC-401F-A9E9-D05EDD52EEBF}.Debug|Any CPU.ActiveCfg = Debug|Any CPU
		{FB5A2342-EDBC-401F-A9E9-D05EDD52EEBF}.Debug|Any CPU.Build.0 = Debug|Any CPU
		{FB5A2342-EDBC-401F-A9E9-D05EDD52EEBF}.Release|Any CPU.ActiveCfg = Release|Any CPU
		{FB5A2342-EDBC-401F-A9E9-D05EDD52EEBF}.Release|Any CPU.Build.0 = Release|Any CPU
	EndGlobalSection
	GlobalSection(SolutionProperties) = preSolution
		HideSolutionNode = FALSE
	EndGlobalSection
	GlobalSection(ExtensibilityGlobals) = postSolution
		SolutionGuid = {1B215E5A-122B-4AE4-B389-88C4775F35E4}
	EndGlobalSection
EndGlobal
